
Microsoft Visual Studio Solution File, Format Version 12.00
# Visual Studio Version 17
VisualStudioVersion = 17.4.33110.190
MinimumVisualStudioVersion = 10.0.40219.1
Project("{2150E333-8FDC-42A3-9474-1A3956D46DE8}") = "Core", "Core", "{2B57F60D-835D-4EBB-AFCA-4176D66BCA3E}"
EndProject
Project("{2150E333-8FDC-42A3-9474-1A3956D46DE8}") = "Infrastructure", "Infrastructure", "{F8A8408D-E5A1-4500-8D9A-84294800653D}"
EndProject
Project("{2150E333-8FDC-42A3-9474-1A3956D46DE8}") = "Presentation", "Presentation", "{8040AFBC-8F5A-4CAE-9AF9-F675DD7F6CE2}"
EndProject
Project("{9A19103F-16F7-4668-BE54-9A1E7A4F7556}") = "HotelApp.Application", "Core\HotelApp.Application\HotelApp.Application.csproj", "{1F15D43C-0D34-452B-BFBB-CDA61B2C3CFF}"
EndProject
Project("{9A19103F-16F7-4668-BE54-9A1E7A4F7556}") = "HotelApp.Domain", "Core\HotelApp.Domain\HotelApp.Domain.csproj", "{6134C516-025B-4BB2-A1E2-E2743883EEF2}"
EndProject
Project("{9A19103F-16F7-4668-BE54-9A1E7A4F7556}") = "HotelApp.Infrastructure", "Infrastructure\HotelApp.Infrastructure\HotelApp.Infrastructure.csproj", "{6D6CD571-3468-4B1C-9241-0FCED814AF30}"
EndProject
Project("{9A19103F-16F7-4668-BE54-9A1E7A4F7556}") = "HotelApp.Persistence", "Infrastructure\HotelApp.Persistance\HotelApp.Persistence.csproj", "{F7401168-B122-4A9A-BC15-ECBDBD54C9DC}"
EndProject
Project("{9A19103F-16F7-4668-BE54-9A1E7A4F7556}") = "HotelApp.API", "Presentation\HotelApp.API\HotelApp.API.csproj", "{4FAD1D04-F9E9-489C-B859-97B25613615B}"
EndProject
Global
	GlobalSection(SolutionConfigurationPlatforms) = preSolution
		Debug|Any CPU = Debug|Any CPU
		Release|Any CPU = Release|Any CPU
	EndGlobalSection
	GlobalSection(ProjectConfigurationPlatforms) = postSolution
		{1F15D43C-0D34-452B-BFBB-CDA61B2C3CFF}.Debug|Any CPU.ActiveCfg = Debug|Any CPU
		{1F15D43C-0D34-452B-BFBB-CDA61B2C3CFF}.Debug|Any CPU.Build.0 = Debug|Any CPU
		{1F15D43C-0D34-452B-BFBB-CDA61B2C3CFF}.Release|Any CPU.ActiveCfg = Release|Any CPU
		{1F15D43C-0D34-452B-BFBB-CDA61B2C3CFF}.Release|Any CPU.Build.0 = Release|Any CPU
		{6134C516-025B-4BB2-A1E2-E2743883EEF2}.Debug|Any CPU.ActiveCfg = Debug|Any CPU
		{6134C516-025B-4BB2-A1E2-E2743883EEF2}.Debug|Any CPU.Build.0 = Debug|Any CPU
		{6134C516-025B-4BB2-A1E2-E2743883EEF2}.Release|Any CPU.ActiveCfg = Release|Any CPU
		{6134C516-025B-4BB2-A1E2-E2743883EEF2}.Release|Any CPU.Build.0 = Release|Any CPU
		{6D6CD571-3468-4B1C-9241-0FCED814AF30}.Debug|Any CPU.ActiveCfg = Debug|Any CPU
		{6D6CD571-3468-4B1C-9241-0FCED814AF30}.Debug|Any CPU.Build.0 = Debug|Any CPU
		{6D6CD571-3468-4B1C-9241-0FCED814AF30}.Release|Any CPU.ActiveCfg = Release|Any CPU
		{6D6CD571-3468-4B1C-9241-0FCED814AF30}.Release|Any CPU.Build.0 = Release|Any CPU
		{F7401168-B122-4A9A-BC15-ECBDBD54C9DC}.Debug|Any CPU.ActiveCfg = Debug|Any CPU
		{F7401168-B122-4A9A-BC15-ECBDBD54C9DC}.Debug|Any CPU.Build.0 = Debug|Any CPU
		{F7401168-B122-4A9A-BC15-ECBDBD54C9DC}.Release|Any CPU.ActiveCfg = Release|Any CPU
		{F7401168-B122-4A9A-BC15-ECBDBD54C9DC}.Release|Any CPU.Build.0 = Release|Any CPU
		{4FAD1D04-F9E9-489C-B859-97B25613615B}.Debug|Any CPU.ActiveCfg = Debug|Any CPU
		{4FAD1D04-F9E9-489C-B859-97B25613615B}.Debug|Any CPU.Build.0 = Debug|Any CPU
		{4FAD1D04-F9E9-489C-B859-97B25613615B}.Release|Any CPU.ActiveCfg = Release|Any CPU
		{4FAD1D04-F9E9-489C-B859-97B25613615B}.Release|Any CPU.Build.0 = Release|Any CPU
	EndGlobalSection
	GlobalSection(SolutionProperties) = preSolution
		HideSolutionNode = FALSE
	EndGlobalSection
	GlobalSection(NestedProjects) = preSolution
		{1F15D43C-0D34-452B-BFBB-CDA61B2C3CFF} = {2B57F60D-835D-4EBB-AFCA-4176D66BCA3E}
		{6134C516-025B-4BB2-A1E2-E2743883EEF2} = {2B57F60D-835D-4EBB-AFCA-4176D66BCA3E}
		{6D6CD571-3468-4B1C-9241-0FCED814AF30} = {F8A8408D-E5A1-4500-8D9A-84294800653D}
		{F7401168-B122-4A9A-BC15-ECBDBD54C9DC} = {F8A8408D-E5A1-4500-8D9A-84294800653D}
		{4FAD1D04-F9E9-489C-B859-97B25613615B} = {8040AFBC-8F5A-4CAE-9AF9-F675DD7F6CE2}
	EndGlobalSection
	GlobalSection(ExtensibilityGlobals) = postSolution
		SolutionGuid = {B068BFD3-800B-482D-AB77-0C1DCAC401C3}
	EndGlobalSection
EndGlobal
